
Microsoft Visual Studio Solution File, Format Version 12.00
# Visual Studio 2013
VisualStudioVersion = 12.0.31101.0
MinimumVisualStudioVersion = 10.0.40219.1
Project("{FAE04EC0-301F-11D3-BF4B-00C04F79EFBC}") = "Ranker", "Ranker\Ranker.csproj", "{791DE1A4-AD6C-4CA7-B1E9-CDDD07C3194B}"
EndProject
Project("{FAE04EC0-301F-11D3-BF4B-00C04F79EFBC}") = "RankLib", "RankLib\RankLib.csproj", "{9EF02A18-1298-44C5-A3F0-3D90A96C38D9}"
EndProject
Global
	GlobalSection(SolutionConfigurationPlatforms) = preSolution
		Debug|Any CPU = Debug|Any CPU
		Release|Any CPU = Release|Any CPU
	EndGlobalSection
	GlobalSection(ProjectConfigurationPlatforms) = postSolution
		{791DE1A4-AD6C-4CA7-B1E9-CDDD07C3194B}.Debug|Any CPU.ActiveCfg = Debug|Any CPU
		{791DE1A4-AD6C-4CA7-B1E9-CDDD07C3194B}.Debug|Any CPU.Build.0 = Debug|Any CPU
		{791DE1A4-AD6C-4CA7-B1E9-CDDD07C3194B}.Release|Any CPU.ActiveCfg = Release|Any CPU
		{791DE1A4-AD6C-4CA7-B1E9-CDDD07C3194B}.Release|Any CPU.Build.0 = Release|Any CPU
		{9EF02A18-1298-44C5-A3F0-3D90A96C38D9}.Debug|Any CPU.ActiveCfg = Debug|Any CPU
		{9EF02A18-1298-44C5-A3F0-3D90A96C38D9}.Debug|Any CPU.Build.0 = Debug|Any CPU
		{9EF02A18-1298-44C5-A3F0-3D90A96C38D9}.Release|Any CPU.ActiveCfg = Release|Any CPU
		{9EF02A18-1298-44C5-A3F0-3D90A96C38D9}.Release|Any CPU.Build.0 = Release|Any CPU
	EndGlobalSection
	GlobalSection(SolutionProperties) = preSolution
		HideSolutionNode = FALSE
	EndGlobalSection
EndGlobal
